<Solution>
  <Folder Name="/src/">
    <Project Path="src/OrderIntake.Api/OrderIntake.Api.csproj" />
    <Project Path="src/OrderIntake.Application/OrderIntake.Application.csproj" />
    <Project Path="src/OrderIntake.Domain/OrderIntake.Domain.csproj" />
    <Project Path="src/OrderIntake.Infrastructure/OrderIntake.Infrastructure.csproj" />
    <Project Path="src/OrderProjection.Api/OrderProjection.Api.csproj" />
    <Project Path="src/OrderProjection.Worker/OrderProjection.Worker.csproj" />
    <Project Path="src/Shared.Contracts/Shared.Contracts.csproj" />
  </Folder>
  <Folder Name="/tests/">
    <Project Path="tests/OrderIntake.IntegrationTests/OrderIntake.IntegrationTests.csproj" />
    <Project Path="tests/OrderIntake.UnitTests/OrderIntake.UnitTests.csproj" />
    <Project Path="tests/OrderProjection.IntegrationTests/OrderProjection.IntegrationTests.csproj" />
    <Project Path="tests/OrderProjection.UnitTests/OrderProjection.UnitTests.csproj" />
  </Folder>
</Solution>
