<Solution>
  <Folder Name="/src/">
    <Project Path="src/OrderIntake.Api/OrderIntake.Api.csproj" />
    <Project Path="src/OrderIntake.Application/OrderIntake.Application.csproj" />
    <Project Path="src/OrderIntake.Domain/OrderIntake.Domain.csproj" />
    <Project Path="src/OrderIntake.Infrastructure/OrderIntake.Infrastructure.csproj" />
    <Project Path="src/OrderProjection.Api/OrderProjection.Api.csproj" />
    <Project Path="src/OrderProjection.Worker/OrderProjection.Worker.csproj" />
    <Project Path="src/Shared.Contracts/Shared.Contracts.csproj" />
  </Folder>
</Solution>
